// !$*UTF8*$!
{
	archiveVersion = 1;
	classes = {
	};
	objectVersion = 46;
	objects = {

/* Begin PBXBuildFile section */
		6962301D1F3F181A008D1CDE /* AppDelegate.swift in Sources */ = {isa = PBXBuildFile; fileRef = 6962301C1F3F181A008D1CDE /* AppDelegate.swift */; };
		696230241F3F181A008D1CDE /* Assets.xcassets in Resources */ = {isa = PBXBuildFile; fileRef = 696230231F3F181A008D1CDE /* Assets.xcassets */; };
		696230301F3F1861008D1CDE /* LaunchScreen.xib in Resources */ = {isa = PBXBuildFile; fileRef = 6962302F1F3F1861008D1CDE /* LaunchScreen.xib */; };
		696230321F3F18C1008D1CDE /* Genre.framework in Frameworks */ = {isa = PBXBuildFile; fileRef = 696230311F3F18C1008D1CDE /* Genre.framework */; };
		696230331F3F18C1008D1CDE /* Genre.framework in Embed Frameworks */ = {isa = PBXBuildFile; fileRef = 696230311F3F18C1008D1CDE /* Genre.framework */; settings = {ATTRIBUTES = (CodeSignOnCopy, RemoveHeadersOnCopy, ); }; };
		6962303B1F3F1919008D1CDE /* MainViewController.swift in Sources */ = {isa = PBXBuildFile; fileRef = 696230391F3F1919008D1CDE /* MainViewController.swift */; };
		6962303C1F3F1919008D1CDE /* MainViewController.xib in Resources */ = {isa = PBXBuildFile; fileRef = 6962303A1F3F1919008D1CDE /* MainViewController.xib */; };
/* End PBXBuildFile section */

/* Begin PBXCopyFilesBuildPhase section */
		696230341F3F18C1008D1CDE /* Embed Frameworks */ = {
			isa = PBXCopyFilesBuildPhase;
			buildActionMask = 2147483647;
			dstPath = "";
			dstSubfolderSpec = 10;
			files = (
				696230331F3F18C1008D1CDE /* Genre.framework in Embed Frameworks */,
			);
			name = "Embed Frameworks";
			runOnlyForDeploymentPostprocessing = 0;
		};
/* End PBXCopyFilesBuildPhase section */

/* Begin PBXFileReference section */
		696230191F3F181A008D1CDE /* GenreDemo.app */ = {isa = PBXFileReference; explicitFileType = wrapper.application; includeInIndex = 0; path = GenreDemo.app; sourceTree = BUILT_PRODUCTS_DIR; };
		6962301C1F3F181A008D1CDE /* AppDelegate.swift */ = {isa = PBXFileReference; lastKnownFileType = sourcecode.swift; path = AppDelegate.swift; sourceTree = "<group>"; };
		696230231F3F181A008D1CDE /* Assets.xcassets */ = {isa = PBXFileReference; lastKnownFileType = folder.assetcatalog; path = Assets.xcassets; sourceTree = "<group>"; };
		696230281F3F181A008D1CDE /* Info.plist */ = {isa = PBXFileReference; lastKnownFileType = text.plist.xml; path = Info.plist; sourceTree = "<group>"; };
		6962302F1F3F1861008D1CDE /* LaunchScreen.xib */ = {isa = PBXFileReference; fileEncoding = 4; lastKnownFileType = file.xib; path = LaunchScreen.xib; sourceTree = "<group>"; };
		696230311F3F18C1008D1CDE /* Genre.framework */ = {isa = PBXFileReference; explicitFileType = wrapper.framework; path = Genre.framework; sourceTree = BUILT_PRODUCTS_DIR; };
		696230391F3F1919008D1CDE /* MainViewController.swift */ = {isa = PBXFileReference; fileEncoding = 4; lastKnownFileType = sourcecode.swift; path = MainViewController.swift; sourceTree = "<group>"; };
		6962303A1F3F1919008D1CDE /* MainViewController.xib */ = {isa = PBXFileReference; fileEncoding = 4; lastKnownFileType = file.xib; path = MainViewController.xib; sourceTree = "<group>"; };
/* End PBXFileReference section */

/* Begin PBXFrameworksBuildPhase section */
		696230161F3F181A008D1CDE /* Frameworks */ = {
			isa = PBXFrameworksBuildPhase;
			buildActionMask = 2147483647;
			files = (
				696230321F3F18C1008D1CDE /* Genre.framework in Frameworks */,
			);
			runOnlyForDeploymentPostprocessing = 0;
		};
/* End PBXFrameworksBuildPhase section */

/* Begin PBXGroup section */
		696230101F3F181A008D1CDE = {
			isa = PBXGroup;
			children = (
				6962301B1F3F181A008D1CDE /* GenreDemo */,
				696230361F3F18CE008D1CDE /* Frameworks */,
				6962301A1F3F181A008D1CDE /* Products */,
			);
			sourceTree = "<group>";
		};
		6962301A1F3F181A008D1CDE /* Products */ = {
			isa = PBXGroup;
			children = (
				696230191F3F181A008D1CDE /* GenreDemo.app */,
			);
			name = Products;
			sourceTree = "<group>";
		};
		6962301B1F3F181A008D1CDE /* GenreDemo */ = {
			isa = PBXGroup;
			children = (
				696230371F3F1908008D1CDE /* ViewControllers */,
				6962301C1F3F181A008D1CDE /* AppDelegate.swift */,
				696230231F3F181A008D1CDE /* Assets.xcassets */,
				696230281F3F181A008D1CDE /* Info.plist */,
				6962302F1F3F1861008D1CDE /* LaunchScreen.xib */,
			);
			path = GenreDemo;
			sourceTree = "<group>";
		};
		696230361F3F18CE008D1CDE /* Frameworks */ = {
			isa = PBXGroup;
			children = (
				696230311F3F18C1008D1CDE /* Genre.framework */,
			);
			name = Frameworks;
			sourceTree = "<group>";
		};
		696230371F3F1908008D1CDE /* ViewControllers */ = {
			isa = PBXGroup;
			children = (
				696230381F3F1908008D1CDE /* Main */,
			);
			path = ViewControllers;
			sourceTree = "<group>";
		};
		696230381F3F1908008D1CDE /* Main */ = {
			isa = PBXGroup;
			children = (
				696230391F3F1919008D1CDE /* MainViewController.swift */,
				6962303A1F3F1919008D1CDE /* MainViewController.xib */,
			);
			path = Main;
			sourceTree = "<group>";
		};
/* End PBXGroup section */

/* Begin PBXNativeTarget section */
		696230181F3F181A008D1CDE /* GenreDemo */ = {
			isa = PBXNativeTarget;
			buildConfigurationList = 6962302B1F3F181A008D1CDE /* Build configuration list for PBXNativeTarget "GenreDemo" */;
			buildPhases = (
				696230151F3F181A008D1CDE /* Sources */,
				696230161F3F181A008D1CDE /* Frameworks */,
				696230171F3F181A008D1CDE /* Resources */,
				696230341F3F18C1008D1CDE /* Embed Frameworks */,
			);
			buildRules = (
			);
			dependencies = (
			);
			name = GenreDemo;
			productName = GenreDemo;
			productReference = 696230191F3F181A008D1CDE /* GenreDemo.app */;
			productType = "com.apple.product-type.application";
		};
/* End PBXNativeTarget section */

/* Begin PBXProject section */
		696230111F3F181A008D1CDE /* Project object */ = {
			isa = PBXProject;
			attributes = {
				LastSwiftUpdateCheck = 0830;
				LastUpgradeCheck = 0830;
				ORGANIZATIONNAME = "Igor Matyushkin";
				TargetAttributes = {
					696230181F3F181A008D1CDE = {
						CreatedOnToolsVersion = 8.3.3;
						ProvisioningStyle = Automatic;
					};
				};
			};
			buildConfigurationList = 696230141F3F181A008D1CDE /* Build configuration list for PBXProject "GenreDemo" */;
			compatibilityVersion = "Xcode 3.2";
			developmentRegion = English;
			hasScannedForEncodings = 0;
			knownRegions = (
				en,
				Base,
			);
			mainGroup = 696230101F3F181A008D1CDE;
			productRefGroup = 6962301A1F3F181A008D1CDE /* Products */;
			projectDirPath = "";
			projectRoot = "";
			targets = (
				696230181F3F181A008D1CDE /* GenreDemo */,
			);
		};
/* End PBXProject section */

/* Begin PBXResourcesBuildPhase section */
		696230171F3F181A008D1CDE /* Resources */ = {
			isa = PBXResourcesBuildPhase;
			buildActionMask = 2147483647;
			files = (
				696230301F3F1861008D1CDE /* LaunchScreen.xib in Resources */,
				6962303C1F3F1919008D1CDE /* MainViewController.xib in Resources */,
				696230241F3F181A008D1CDE /* Assets.xcassets in Resources */,
			);
			runOnlyForDeploymentPostprocessing = 0;
		};
/* End PBXResourcesBuildPhase section */

/* Begin PBXSourcesBuildPhase section */
		696230151F3F181A008D1CDE /* Sources */ = {
			isa = PBXSourcesBuildPhase;
			buildActionMask = 2147483647;
			files = (
				6962301D1F3F181A008D1CDE /* AppDelegate.swift in Sources */,
				6962303B1F3F1919008D1CDE /* MainViewController.swift in Sources */,
			);
			runOnlyForDeploymentPostprocessing = 0;
		};
/* End PBXSourcesBuildPhase section */

/* Begin XCBuildConfiguration section */
		696230291F3F181A008D1CDE /* Debug */ = {
			isa = XCBuildConfiguration;
			buildSettings = {
				ALWAYS_SEARCH_USER_PATHS = NO;
				CLANG_ANALYZER_NONNULL = YES;
				CLANG_ANALYZER_NUMBER_OBJECT_CONVERSION = YES_AGGRESSIVE;
				CLANG_CXX_LANGUAGE_STANDARD = "gnu++0x";
				CLANG_CXX_LIBRARY = "libc++";
				CLANG_ENABLE_MODULES = YES;
				CLANG_ENABLE_OBJC_ARC = YES;
				CLANG_WARN_BOOL_CONVERSION = YES;
				CLANG_WARN_CONSTANT_CONVERSION = YES;
				CLANG_WARN_DIRECT_OBJC_ISA_USAGE = YES_ERROR;
				CLANG_WARN_DOCUMENTATION_COMMENTS = YES;
				CLANG_WARN_EMPTY_BODY = YES;
				CLANG_WARN_ENUM_CONVERSION = YES;
				CLANG_WARN_INFINITE_RECURSION = YES;
				CLANG_WARN_INT_CONVERSION = YES;
				CLANG_WARN_OBJC_ROOT_CLASS = YES_ERROR;
				CLANG_WARN_SUSPICIOUS_MOVE = YES;
				CLANG_WARN_UNREACHABLE_CODE = YES;
				CLANG_WARN__DUPLICATE_METHOD_MATCH = YES;
				"CODE_SIGN_IDENTITY[sdk=iphoneos*]" = "iPhone Developer";
				COPY_PHASE_STRIP = NO;
				DEBUG_INFORMATION_FORMAT = dwarf;
				ENABLE_STRICT_OBJC_MSGSEND = YES;
				ENABLE_TESTABILITY = YES;
				GCC_C_LANGUAGE_STANDARD = gnu99;
				GCC_DYNAMIC_NO_PIC = NO;
				GCC_NO_COMMON_BLOCKS = YES;
				GCC_OPTIMIZATION_LEVEL = 0;
				GCC_PREPROCESSOR_DEFINITIONS = (
					"DEBUG=1",
					"$(inherited)",
				);
				GCC_WARN_64_TO_32_BIT_CONVERSION = YES;
				GCC_WARN_ABOUT_RETURN_TYPE = YES_ERROR;
				GCC_WARN_UNDECLARED_SELECTOR = YES;
				GCC_WARN_UNINITIALIZED_AUTOS = YES_AGGRESSIVE;
				GCC_WARN_UNUSED_FUNCTION = YES;
				GCC_WARN_UNUSED_VARIABLE = YES;
				IPHONEOS_DEPLOYMENT_TARGET = 10.3;
				MTL_ENABLE_DEBUG_INFO = YES;
				ONLY_ACTIVE_ARCH = YES;
				SDKROOT = iphoneos;
				SWIFT_ACTIVE_COMPILATION_CONDITIONS = DEBUG;
				SWIFT_OPTIMIZATION_LEVEL = "-Onone";
			};
			name = Debug;
		};
		6962302A1F3F181A008D1CDE /* Release */ = {
			isa = XCBuildConfiguration;
			buildSettings = {
				ALWAYS_SEARCH_USER_PATHS = NO;
				CLANG_ANALYZER_NONNULL = YES;
				CLANG_ANALYZER_NUMBER_OBJECT_CONVERSION = YES_AGGRESSIVE;
				CLANG_CXX_LANGUAGE_STANDARD = "gnu++0x";
				CLANG_CXX_LIBRARY = "libc++";
				CLANG_ENABLE_MODULES = YES;
				CLANG_ENABLE_OBJC_ARC = YES;
				CLANG_WARN_BOOL_CONVERSION = YES;
				CLANG_WARN_CONSTANT_CONVERSION = YES;
				CLANG_WARN_DIRECT_OBJC_ISA_USAGE = YES_ERROR;
				CLANG_WARN_DOCUMENTATION_COMMENTS = YES;
				CLANG_WARN_EMPTY_BODY = YES;
				CLANG_WARN_ENUM_CONVERSION = YES;
				CLANG_WARN_INFINITE_RECURSION = YES;
				CLANG_WARN_INT_CONVERSION = YES;
				CLANG_WARN_OBJC_ROOT_CLASS = YES_ERROR;
				CLANG_WARN_SUSPICIOUS_MOVE = YES;
				CLANG_WARN_UNREACHABLE_CODE = YES;
				CLANG_WARN__DUPLICATE_METHOD_MATCH = YES;
				"CODE_SIGN_IDENTITY[sdk=iphoneos*]" = "iPhone Developer";
				COPY_PHASE_STRIP = NO;
				DEBUG_INFORMATION_FORMAT = "dwarf-with-dsym";
				ENABLE_NS_ASSERTIONS = NO;
				ENABLE_STRICT_OBJC_MSGSEND = YES;
				GCC_C_LANGUAGE_STANDARD = gnu99;
				GCC_NO_COMMON_BLOCKS = YES;
				GCC_WARN_64_TO_32_BIT_CONVERSION = YES;
				GCC_WARN_ABOUT_RETURN_TYPE = YES_ERROR;
				GCC_WARN_UNDECLARED_SELECTOR = YES;
				GCC_WARN_UNINITIALIZED_AUTOS = YES_AGGRESSIVE;
				GCC_WARN_UNUSED_FUNCTION = YES;
				GCC_WARN_UNUSED_VARIABLE = YES;
				IPHONEOS_DEPLOYMENT_TARGET = 10.3;
				MTL_ENABLE_DEBUG_INFO = NO;
				SDKROOT = iphoneos;
				SWIFT_OPTIMIZATION_LEVEL = "-Owholemodule";
				VALIDATE_PRODUCT = YES;
			};
			name = Release;
		};
		6962302C1F3F181A008D1CDE /* Debug */ = {
			isa = XCBuildConfiguration;
			buildSettings = {
				ASSETCATALOG_COMPILER_APPICON_NAME = AppIcon;
				INFOPLIST_FILE = GenreDemo/Info.plist;
				IPHONEOS_DEPLOYMENT_TARGET = 8.0;
				LD_RUNPATH_SEARCH_PATHS = "$(inherited) @executable_path/Frameworks";
				PRODUCT_BUNDLE_IDENTIFIER = com.visuality.GenreDemo;
				PRODUCT_NAME = "$(TARGET_NAME)";
				SWIFT_VERSION = 4.0;
			};
			name = Debug;
		};
		6962302D1F3F181A008D1CDE /* Release */ = {
			isa = XCBuildConfiguration;
			buildSettings = {
				ASSETCATALOG_COMPILER_APPICON_NAME = AppIcon;
				INFOPLIST_FILE = GenreDemo/Info.plist;
				IPHONEOS_DEPLOYMENT_TARGET = 8.0;
				LD_RUNPATH_SEARCH_PATHS = "$(inherited) @executable_path/Frameworks";
				PRODUCT_BUNDLE_IDENTIFIER = com.visuality.GenreDemo;
				PRODUCT_NAME = "$(TARGET_NAME)";
				SWIFT_VERSION = 4.0;
			};
			name = Release;
		};
/* End XCBuildConfiguration section */

/* Begin XCConfigurationList section */
		696230141F3F181A008D1CDE /* Build configuration list for PBXProject "GenreDemo" */ = {
			isa = XCConfigurationList;
			buildConfigurations = (
				696230291F3F181A008D1CDE /* Debug */,
				6962302A1F3F181A008D1CDE /* Release */,
			);
			defaultConfigurationIsVisible = 0;
			defaultConfigurationName = Release;
		};
		6962302B1F3F181A008D1CDE /* Build configuration list for PBXNativeTarget "GenreDemo" */ = {
			isa = XCConfigurationList;
			buildConfigurations = (
				6962302C1F3F181A008D1CDE /* Debug */,
				6962302D1F3F181A008D1CDE /* Release */,
			);
			defaultConfigurationIsVisible = 0;
			defaultConfigurationName = Release;
		};
/* End XCConfigurationList section */
	};
	rootObject = 696230111F3F181A008D1CDE /* Project object */;
}
